
Microsoft Visual Studio Solution File, Format Version 12.00
# Visual Studio 14
VisualStudioVersion = 14.0.24720.0
MinimumVisualStudioVersion = 10.0.40219.1
Project("{2150E333-8FDC-42A3-9474-1A3956D46DE8}") = "Solution Items", "Solution Items", "{1D318AFC-E108-49AA-82A2-B259BE55C6AC}"
	ProjectSection(SolutionItems) = preProject
		README.txt = README.txt
	EndProjectSection
EndProject
Project("{FAE04EC0-301F-11D3-BF4B-00C04F79EFBC}") = "Einsatzplanungstool.WebApp", "Einsatzplanungstool.WebApp\Einsatzplanungstool.WebApp.csproj", "{F644F3A5-1A2E-4BB0-9E7F-60634ADE23B3}"
EndProject
Global
	GlobalSection(SolutionConfigurationPlatforms) = preSolution
		Debug|Any CPU = Debug|Any CPU
		Release|Any CPU = Release|Any CPU
	EndGlobalSection
	GlobalSection(ProjectConfigurationPlatforms) = postSolution
		{F644F3A5-1A2E-4BB0-9E7F-60634ADE23B3}.Debug|Any CPU.ActiveCfg = Debug|Any CPU
		{F644F3A5-1A2E-4BB0-9E7F-60634ADE23B3}.Debug|Any CPU.Build.0 = Debug|Any CPU
		{F644F3A5-1A2E-4BB0-9E7F-60634ADE23B3}.Release|Any CPU.ActiveCfg = Release|Any CPU
		{F644F3A5-1A2E-4BB0-9E7F-60634ADE23B3}.Release|Any CPU.Build.0 = Release|Any CPU
	EndGlobalSection
	GlobalSection(SolutionProperties) = preSolution
		HideSolutionNode = FALSE
	EndGlobalSection
EndGlobal
